
Microsoft Visual Studio Solution File, Format Version 12.00
# Visual Studio Version 17
VisualStudioVersion = 17.7.34009.444
MinimumVisualStudioVersion = 10.0.40219.1
Project("{FAE04EC0-301F-11D3-BF4B-00C04F79EFBC}") = "Inventory_Management_System", "Inventory_Management_System\Inventory_Management_System.csproj", "{4FD795D5-3EF0-4DF7-80D7-878DEBA24522}"
EndProject
Project("{FAE04EC0-301F-11D3-BF4B-00C04F79EFBC}") = "Inventory_Integration_Test", "Inventory_Integration_Test\Inventory_Integration_Test.csproj", "{AA76EA6C-2DDB-4E47-B348-07FB4879CDF3}"
EndProject
Global
	GlobalSection(SolutionConfigurationPlatforms) = preSolution
		Debug|Any CPU = Debug|Any CPU
		Release|Any CPU = Release|Any CPU
	EndGlobalSection
	GlobalSection(ProjectConfigurationPlatforms) = postSolution
		{4FD795D5-3EF0-4DF7-80D7-878DEBA24522}.Debug|Any CPU.ActiveCfg = Debug|Any CPU
		{4FD795D5-3EF0-4DF7-80D7-878DEBA24522}.Debug|Any CPU.Build.0 = Debug|Any CPU
		{4FD795D5-3EF0-4DF7-80D7-878DEBA24522}.Release|Any CPU.ActiveCfg = Release|Any CPU
		{4FD795D5-3EF0-4DF7-80D7-878DEBA24522}.Release|Any CPU.Build.0 = Release|Any CPU
		{CC07D50F-0686-4A9B-98A4-0F30272B443C}.Debug|Any CPU.ActiveCfg = Debug|Any CPU
		{CC07D50F-0686-4A9B-98A4-0F30272B443C}.Debug|Any CPU.Build.0 = Debug|Any CPU
		{CC07D50F-0686-4A9B-98A4-0F30272B443C}.Release|Any CPU.ActiveCfg = Release|Any CPU
		{CC07D50F-0686-4A9B-98A4-0F30272B443C}.Release|Any CPU.Build.0 = Release|Any CPU
		{AA76EA6C-2DDB-4E47-B348-07FB4879CDF3}.Debug|Any CPU.ActiveCfg = Debug|Any CPU
		{AA76EA6C-2DDB-4E47-B348-07FB4879CDF3}.Debug|Any CPU.Build.0 = Debug|Any CPU
		{AA76EA6C-2DDB-4E47-B348-07FB4879CDF3}.Release|Any CPU.ActiveCfg = Release|Any CPU
		{AA76EA6C-2DDB-4E47-B348-07FB4879CDF3}.Release|Any CPU.Build.0 = Release|Any CPU
	EndGlobalSection
	GlobalSection(SolutionProperties) = preSolution
		HideSolutionNode = FALSE
	EndGlobalSection
	GlobalSection(ExtensibilityGlobals) = postSolution
		SolutionGuid = {A2FFD683-61B0-472F-B3C0-462EE8689F19}
	EndGlobalSection
EndGlobal
